Microsoft Visual Studio Solution File, Format Version 8.00
Project("{8BC9CEB8-8B4A-11D0-8D11-00A0C91BC942}") = "bookexample", "bookexample.vcproj", "{A23D8CC1-C4B8-49EF-9265-71DD5F706214}"
	ProjectSection(ProjectDependencies) = postProject
	EndProjectSection
EndProject
Global
	GlobalSection(SolutionConfiguration) = preSolution
		Debug = Debug
		Release = Release
	EndGlobalSection
	GlobalSection(ProjectConfiguration) = postSolution
		{A23D8CC1-C4B8-49EF-9265-71DD5F706214}.Debug.ActiveCfg = Debug|Win32
		{A23D8CC1-C4B8-49EF-9265-71DD5F706214}.Debug.Build.0 = Debug|Win32
		{A23D8CC1-C4B8-49EF-9265-71DD5F706214}.Release.ActiveCfg = Release|Win32
		{A23D8CC1-C4B8-49EF-9265-71DD5F706214}.Release.Build.0 = Release|Win32
	EndGlobalSection
	GlobalSection(ExtensibilityGlobals) = postSolution
	EndGlobalSection
	GlobalSection(ExtensibilityAddIns) = postSolution
	EndGlobalSection
EndGlobal
